// !$*UTF8*$!
{
	archiveVersion = 1;
	classes = {
	};
	objectVersion = 51;
	objects = {

/* Begin PBXBuildFile section */
		1B25D82FA2744739B68D74E5 /* Post.swift in Sources */ = {isa = PBXBuildFile; fileRef = 0D71B2285892449095F51836 /* Post.swift */; };
		24F8B15C3BE844029D746D50 /* AmplifyModels.swift in Sources */ = {isa = PBXBuildFile; fileRef = 9B7A858F36AD461EAABEEC4D /* AmplifyModels.swift */; };
		438C2A99261382E100AFF9C6 /* EndToEndSampleApp.swift in Sources */ = {isa = PBXBuildFile; fileRef = 438C2A98261382E100AFF9C6 /* EndToEndSampleApp.swift */; };
		438C2A9B261382E100AFF9C6 /* ContentView.swift in Sources */ = {isa = PBXBuildFile; fileRef = 438C2A9A261382E100AFF9C6 /* ContentView.swift */; };
		438C2A9D261382E200AFF9C6 /* Assets.xcassets in Resources */ = {isa = PBXBuildFile; fileRef = 438C2A9C261382E200AFF9C6 /* Assets.xcassets */; };
		438C2AA0261382E200AFF9C6 /* Preview Assets.xcassets in Resources */ = {isa = PBXBuildFile; fileRef = 438C2A9F261382E200AFF9C6 /* Preview Assets.xcassets */; };
		438C2AAB261382E300AFF9C6 /* EndToEndSampleTests.swift in Sources */ = {isa = PBXBuildFile; fileRef = 438C2AAA261382E300AFF9C6 /* EndToEndSampleTests.swift */; };
		438C2AB6261382E300AFF9C6 /* EndToEndSampleUITests.swift in Sources */ = {isa = PBXBuildFile; fileRef = 438C2AB5261382E300AFF9C6 /* EndToEndSampleUITests.swift */; };
		438C2AD12613877600AFF9C6 /* amplifyconfiguration.json in Resources */ = {isa = PBXBuildFile; fileRef = 438C2ACF2613877600AFF9C6 /* amplifyconfiguration.json */; };
		438C2AD22613877600AFF9C6 /* awsconfiguration.json in Resources */ = {isa = PBXBuildFile; fileRef = 438C2AD02613877600AFF9C6 /* awsconfiguration.json */; };
		438C2AE426139D2700AFF9C6 /* AppDelegate.swift in Sources */ = {isa = PBXBuildFile; fileRef = 438C2AE326139D2700AFF9C6 /* AppDelegate.swift */; };
		438C2AE92613A19B00AFF9C6 /* DataStoreOperations.swift in Sources */ = {isa = PBXBuildFile; fileRef = 438C2AE82613A19B00AFF9C6 /* DataStoreOperations.swift */; };
		53A94CF4EEA94113BEED0788 /* awsconfiguration.json in Resources */ = {isa = PBXBuildFile; fileRef = 807623A7582E4ADE94B8197F /* awsconfiguration.json */; };
		5BEF6C9159B842CE9EEA9FA2 /* PostStatus.swift in Sources */ = {isa = PBXBuildFile; fileRef = D65D80390CD94D39BCC4FCDB /* PostStatus.swift */; };
		7A394DAE73D743D298A87C5D /* Post+Schema.swift in Sources */ = {isa = PBXBuildFile; fileRef = F9C6E7BE071347F5B9733ABB /* Post+Schema.swift */; };
		B6C1386C383ECD24BCC21FBA /* Pods_EndToEndSampleTests.framework in Frameworks */ = {isa = PBXBuildFile; fileRef = 10E5CF28D3AFB7BA8FE468D5 /* Pods_EndToEndSampleTests.framework */; };
		B9F635479CF343DCA530E54F /* amplifyconfiguration.json in Resources */ = {isa = PBXBuildFile; fileRef = 749C5C61DD7B499F82D5517B /* amplifyconfiguration.json */; };
		EFE207057CC9E2FC1AEE0CCB /* Pods_EndToEndSample.framework in Frameworks */ = {isa = PBXBuildFile; fileRef = CCD377D7A48FBF92158DB8D7 /* Pods_EndToEndSample.framework */; };
/* End PBXBuildFile section */

/* Begin PBXContainerItemProxy section */
		438C2AA7261382E300AFF9C6 /* PBXContainerItemProxy */ = {
			isa = PBXContainerItemProxy;
			containerPortal = 438C2A8D261382E100AFF9C6 /* Project object */;
			proxyType = 1;
			remoteGlobalIDString = 438C2A94261382E100AFF9C6;
			remoteInfo = EndToEndSample;
		};
		438C2AB2261382E300AFF9C6 /* PBXContainerItemProxy */ = {
			isa = PBXContainerItemProxy;
			containerPortal = 438C2A8D261382E100AFF9C6 /* Project object */;
			proxyType = 1;
			remoteGlobalIDString = 438C2A94261382E100AFF9C6;
			remoteInfo = EndToEndSample;
		};
/* End PBXContainerItemProxy section */

/* Begin PBXFileReference section */
		0D71B2285892449095F51836 /* Post.swift */ = {isa = PBXFileReference; explicitFileType = undefined; fileEncoding = 4; includeInIndex = 0; lastKnownFileType = sourcecode.swift; name = Post.swift; path = amplify/generated/models/Post.swift; sourceTree = "<group>"; };
		10E5CF28D3AFB7BA8FE468D5 /* Pods_EndToEndSampleTests.framework */ = {isa = PBXFileReference; explicitFileType = wrapper.framework; includeInIndex = 0; path = Pods_EndToEndSampleTests.framework; sourceTree = BUILT_PRODUCTS_DIR; };
		26ABEB13983B3D45A9B8551D /* Pods-EndToEndSample.debug.xcconfig */ = {isa = PBXFileReference; includeInIndex = 1; lastKnownFileType = text.xcconfig; name = "Pods-EndToEndSample.debug.xcconfig"; path = "Target Support Files/Pods-EndToEndSample/Pods-EndToEndSample.debug.xcconfig"; sourceTree = "<group>"; };
		438C2A95261382E100AFF9C6 /* EndToEndSample.app */ = {isa = PBXFileReference; explicitFileType = wrapper.application; includeInIndex = 0; path = EndToEndSample.app; sourceTree = BUILT_PRODUCTS_DIR; };
		438C2A98261382E100AFF9C6 /* EndToEndSampleApp.swift */ = {isa = PBXFileReference; lastKnownFileType = sourcecode.swift; path = EndToEndSampleApp.swift; sourceTree = "<group>"; };
		438C2A9A261382E100AFF9C6 /* ContentView.swift */ = {isa = PBXFileReference; lastKnownFileType = sourcecode.swift; path = ContentView.swift; sourceTree = "<group>"; };
		438C2A9C261382E200AFF9C6 /* Assets.xcassets */ = {isa = PBXFileReference; lastKnownFileType = folder.assetcatalog; path = Assets.xcassets; sourceTree = "<group>"; };
		438C2A9F261382E200AFF9C6 /* Preview Assets.xcassets */ = {isa = PBXFileReference; lastKnownFileType = folder.assetcatalog; path = "Preview Assets.xcassets"; sourceTree = "<group>"; };
		438C2AA1261382E200AFF9C6 /* Info.plist */ = {isa = PBXFileReference; lastKnownFileType = text.plist.xml; path = Info.plist; sourceTree = "<group>"; };
		438C2AA6261382E300AFF9C6 /* EndToEndSampleTests.xctest */ = {isa = PBXFileReference; explicitFileType = wrapper.cfbundle; includeInIndex = 0; path = EndToEndSampleTests.xctest; sourceTree = BUILT_PRODUCTS_DIR; };
		438C2AAA261382E300AFF9C6 /* EndToEndSampleTests.swift */ = {isa = PBXFileReference; lastKnownFileType = sourcecode.swift; path = EndToEndSampleTests.swift; sourceTree = "<group>"; };
		438C2AAC261382E300AFF9C6 /* Info.plist */ = {isa = PBXFileReference; lastKnownFileType = text.plist.xml; path = Info.plist; sourceTree = "<group>"; };
		438C2AB1261382E300AFF9C6 /* EndToEndSampleUITests.xctest */ = {isa = PBXFileReference; explicitFileType = wrapper.cfbundle; includeInIndex = 0; path = EndToEndSampleUITests.xctest; sourceTree = BUILT_PRODUCTS_DIR; };
		438C2AB5261382E300AFF9C6 /* EndToEndSampleUITests.swift */ = {isa = PBXFileReference; lastKnownFileType = sourcecode.swift; path = EndToEndSampleUITests.swift; sourceTree = "<group>"; };
		438C2AB7261382E300AFF9C6 /* Info.plist */ = {isa = PBXFileReference; lastKnownFileType = text.plist.xml; path = Info.plist; sourceTree = "<group>"; };
		438C2ACF2613877600AFF9C6 /* amplifyconfiguration.json */ = {isa = PBXFileReference; fileEncoding = 4; lastKnownFileType = text.json; path = amplifyconfiguration.json; sourceTree = SOURCE_ROOT; };
		438C2AD02613877600AFF9C6 /* awsconfiguration.json */ = {isa = PBXFileReference; fileEncoding = 4; lastKnownFileType = text.json; path = awsconfiguration.json; sourceTree = SOURCE_ROOT; };
		438C2AE326139D2700AFF9C6 /* AppDelegate.swift */ = {isa = PBXFileReference; lastKnownFileType = sourcecode.swift; path = AppDelegate.swift; sourceTree = "<group>"; };
		438C2AE82613A19B00AFF9C6 /* DataStoreOperations.swift */ = {isa = PBXFileReference; lastKnownFileType = sourcecode.swift; path = DataStoreOperations.swift; sourceTree = "<group>"; };
		462B2F3CAF61990A62982752 /* Pods-EndToEndSample.release.xcconfig */ = {isa = PBXFileReference; includeInIndex = 1; lastKnownFileType = text.xcconfig; name = "Pods-EndToEndSample.release.xcconfig"; path = "Target Support Files/Pods-EndToEndSample/Pods-EndToEndSample.release.xcconfig"; sourceTree = "<group>"; };
		749C5C61DD7B499F82D5517B /* amplifyconfiguration.json */ = {isa = PBXFileReference; explicitFileType = undefined; fileEncoding = 9; includeInIndex = 0; lastKnownFileType = unknown; path = amplifyconfiguration.json; sourceTree = "<group>"; };
		74A1380BF3A34F11B562DEB2 /* amplifytools.xcconfig */ = {isa = PBXFileReference; explicitFileType = undefined; fileEncoding = 4; includeInIndex = 0; lastKnownFileType = text.xcconfig; path = amplifytools.xcconfig; sourceTree = "<group>"; };
		807623A7582E4ADE94B8197F /* awsconfiguration.json */ = {isa = PBXFileReference; explicitFileType = undefined; fileEncoding = 9; includeInIndex = 0; lastKnownFileType = unknown; path = awsconfiguration.json; sourceTree = "<group>"; };
		89C747A81428208D9047D930 /* Pods-EndToEndSampleTests.debug.xcconfig */ = {isa = PBXFileReference; includeInIndex = 1; lastKnownFileType = text.xcconfig; name = "Pods-EndToEndSampleTests.debug.xcconfig"; path = "Target Support Files/Pods-EndToEndSampleTests/Pods-EndToEndSampleTests.debug.xcconfig"; sourceTree = "<group>"; };
		954C2CB451A10DA327BA56EC /* Pods-EndToEndSampleTests.release.xcconfig */ = {isa = PBXFileReference; includeInIndex = 1; lastKnownFileType = text.xcconfig; name = "Pods-EndToEndSampleTests.release.xcconfig"; path = "Target Support Files/Pods-EndToEndSampleTests/Pods-EndToEndSampleTests.release.xcconfig"; sourceTree = "<group>"; };
		9B7A858F36AD461EAABEEC4D /* AmplifyModels.swift */ = {isa = PBXFileReference; explicitFileType = undefined; fileEncoding = 4; includeInIndex = 0; lastKnownFileType = sourcecode.swift; name = AmplifyModels.swift; path = amplify/generated/models/AmplifyModels.swift; sourceTree = "<group>"; };
		B0567FFA074E42DC89837A33 /* schema.graphql */ = {isa = PBXFileReference; explicitFileType = undefined; fileEncoding = 4; includeInIndex = 0; lastKnownFileType = text; name = schema.graphql; path = amplify/backend/api/endtoendsample/schema.graphql; sourceTree = "<group>"; };
		CCD377D7A48FBF92158DB8D7 /* Pods_EndToEndSample.framework */ = {isa = PBXFileReference; explicitFileType = wrapper.framework; includeInIndex = 0; path = Pods_EndToEndSample.framework; sourceTree = BUILT_PRODUCTS_DIR; };
		D65D80390CD94D39BCC4FCDB /* PostStatus.swift */ = {isa = PBXFileReference; explicitFileType = undefined; fileEncoding = 4; includeInIndex = 0; lastKnownFileType = sourcecode.swift; name = PostStatus.swift; path = amplify/generated/models/PostStatus.swift; sourceTree = "<group>"; };
		F9C6E7BE071347F5B9733ABB /* Post+Schema.swift */ = {isa = PBXFileReference; explicitFileType = undefined; fileEncoding = 4; includeInIndex = 0; lastKnownFileType = sourcecode.swift; name = "Post+Schema.swift"; path = "amplify/generated/models/Post+Schema.swift"; sourceTree = "<group>"; };
/* End PBXFileReference section */

/* Begin PBXFrameworksBuildPhase section */
		438C2A92261382E100AFF9C6 /* Frameworks */ = {
			isa = PBXFrameworksBuildPhase;
			buildActionMask = 2147483647;
			files = (
				EFE207057CC9E2FC1AEE0CCB /* Pods_EndToEndSample.framework in Frameworks */,
			);
			runOnlyForDeploymentPostprocessing = 0;
		};
		438C2AA3261382E300AFF9C6 /* Frameworks */ = {
			isa = PBXFrameworksBuildPhase;
			buildActionMask = 2147483647;
			files = (
				B6C1386C383ECD24BCC21FBA /* Pods_EndToEndSampleTests.framework in Frameworks */,
			);
			runOnlyForDeploymentPostprocessing = 0;
		};
		438C2AAE261382E300AFF9C6 /* Frameworks */ = {
			isa = PBXFrameworksBuildPhase;
			buildActionMask = 2147483647;
			files = (
			);
			runOnlyForDeploymentPostprocessing = 0;
		};
/* End PBXFrameworksBuildPhase section */

/* Begin PBXGroup section */
		438C2A8C261382E100AFF9C6 = {
			isa = PBXGroup;
			children = (
				B1DB9C71C5BB40F88E2E0D80 /* AmplifyModels */,
				CB356145D34049E19A2D4297 /* AmplifyConfig */,
				438C2A97261382E100AFF9C6 /* EndToEndSample */,
				438C2AA9261382E300AFF9C6 /* EndToEndSampleTests */,
				438C2AB4261382E300AFF9C6 /* EndToEndSampleUITests */,
				438C2A96261382E100AFF9C6 /* Products */,
				E0C3FB51A6A719ADC5CCAF1D /* Pods */,
				83C9F0953563E70E078EDB6D /* Frameworks */,
			);
			sourceTree = "<group>";
		};
		438C2A96261382E100AFF9C6 /* Products */ = {
			isa = PBXGroup;
			children = (
				438C2A95261382E100AFF9C6 /* EndToEndSample.app */,
				438C2AA6261382E300AFF9C6 /* EndToEndSampleTests.xctest */,
				438C2AB1261382E300AFF9C6 /* EndToEndSampleUITests.xctest */,
			);
			name = Products;
			sourceTree = "<group>";
		};
		438C2A97261382E100AFF9C6 /* EndToEndSample */ = {
			isa = PBXGroup;
			children = (
				438C2ACF2613877600AFF9C6 /* amplifyconfiguration.json */,
				438C2AD02613877600AFF9C6 /* awsconfiguration.json */,
				438C2A98261382E100AFF9C6 /* EndToEndSampleApp.swift */,
				438C2A9A261382E100AFF9C6 /* ContentView.swift */,
				438C2A9C261382E200AFF9C6 /* Assets.xcassets */,
				438C2AA1261382E200AFF9C6 /* Info.plist */,
				438C2A9E261382E200AFF9C6 /* Preview Content */,
				438C2AE326139D2700AFF9C6 /* AppDelegate.swift */,
				438C2AE82613A19B00AFF9C6 /* DataStoreOperations.swift */,
			);
			path = EndToEndSample;
			sourceTree = "<group>";
		};
		438C2A9E261382E200AFF9C6 /* Preview Content */ = {
			isa = PBXGroup;
			children = (
				438C2A9F261382E200AFF9C6 /* Preview Assets.xcassets */,
			);
			path = "Preview Content";
			sourceTree = "<group>";
		};
		438C2AA9261382E300AFF9C6 /* EndToEndSampleTests */ = {
			isa = PBXGroup;
			children = (
				438C2AAA261382E300AFF9C6 /* EndToEndSampleTests.swift */,
				438C2AAC261382E300AFF9C6 /* Info.plist */,
			);
			path = EndToEndSampleTests;
			sourceTree = "<group>";
		};
		438C2AB4261382E300AFF9C6 /* EndToEndSampleUITests */ = {
			isa = PBXGroup;
			children = (
				438C2AB5261382E300AFF9C6 /* EndToEndSampleUITests.swift */,
				438C2AB7261382E300AFF9C6 /* Info.plist */,
			);
			path = EndToEndSampleUITests;
			sourceTree = "<group>";
		};
		83C9F0953563E70E078EDB6D /* Frameworks */ = {
			isa = PBXGroup;
			children = (
				CCD377D7A48FBF92158DB8D7 /* Pods_EndToEndSample.framework */,
				10E5CF28D3AFB7BA8FE468D5 /* Pods_EndToEndSampleTests.framework */,
			);
			name = Frameworks;
			sourceTree = "<group>";
		};
		B1DB9C71C5BB40F88E2E0D80 /* AmplifyModels */ = {
			isa = PBXGroup;
			children = (
				9B7A858F36AD461EAABEEC4D /* AmplifyModels.swift */,
				0D71B2285892449095F51836 /* Post.swift */,
				F9C6E7BE071347F5B9733ABB /* Post+Schema.swift */,
				D65D80390CD94D39BCC4FCDB /* PostStatus.swift */,
			);
			name = AmplifyModels;
			path = .;
			sourceTree = "<group>";
		};
		CB356145D34049E19A2D4297 /* AmplifyConfig */ = {
			isa = PBXGroup;
			children = (
				74A1380BF3A34F11B562DEB2 /* amplifytools.xcconfig */,
				749C5C61DD7B499F82D5517B /* amplifyconfiguration.json */,
				807623A7582E4ADE94B8197F /* awsconfiguration.json */,
				B0567FFA074E42DC89837A33 /* schema.graphql */,
			);
			name = AmplifyConfig;
			path = .;
			sourceTree = "<group>";
		};
		E0C3FB51A6A719ADC5CCAF1D /* Pods */ = {
			isa = PBXGroup;
			children = (
				26ABEB13983B3D45A9B8551D /* Pods-EndToEndSample.debug.xcconfig */,
				462B2F3CAF61990A62982752 /* Pods-EndToEndSample.release.xcconfig */,
				89C747A81428208D9047D930 /* Pods-EndToEndSampleTests.debug.xcconfig */,
				954C2CB451A10DA327BA56EC /* Pods-EndToEndSampleTests.release.xcconfig */,
			);
			path = Pods;
			sourceTree = "<group>";
		};
/* End PBXGroup section */

/* Begin PBXNativeTarget section */
		438C2A94261382E100AFF9C6 /* EndToEndSample */ = {
			isa = PBXNativeTarget;
			buildConfigurationList = 438C2ABA261382E300AFF9C6 /* Build configuration list for PBXNativeTarget "EndToEndSample" */;
			buildPhases = (
				93539FD2142D1EC6956E90BC /* [CP] Check Pods Manifest.lock */,
				438C2A91261382E100AFF9C6 /* Sources */,
				438C2A92261382E100AFF9C6 /* Frameworks */,
				438C2A93261382E100AFF9C6 /* Resources */,
				FF022FB70529171AE592229C /* [CP] Embed Pods Frameworks */,
			);
			buildRules = (
			);
			dependencies = (
			);
			name = EndToEndSample;
			productName = EndToEndSample;
			productReference = 438C2A95261382E100AFF9C6 /* EndToEndSample.app */;
			productType = "com.apple.product-type.application";
		};
		438C2AA5261382E300AFF9C6 /* EndToEndSampleTests */ = {
			isa = PBXNativeTarget;
			buildConfigurationList = 438C2ABD261382E300AFF9C6 /* Build configuration list for PBXNativeTarget "EndToEndSampleTests" */;
			buildPhases = (
				E1AE01D7C5DD368E57210094 /* [CP] Check Pods Manifest.lock */,
				438C2AA2261382E300AFF9C6 /* Sources */,
				438C2AA3261382E300AFF9C6 /* Frameworks */,
				438C2AA4261382E300AFF9C6 /* Resources */,
			);
			buildRules = (
			);
			dependencies = (
				438C2AA8261382E300AFF9C6 /* PBXTargetDependency */,
			);
			name = EndToEndSampleTests;
			productName = EndToEndSampleTests;
			productReference = 438C2AA6261382E300AFF9C6 /* EndToEndSampleTests.xctest */;
			productType = "com.apple.product-type.bundle.unit-test";
		};
		438C2AB0261382E300AFF9C6 /* EndToEndSampleUITests */ = {
			isa = PBXNativeTarget;
			buildConfigurationList = 438C2AC0261382E300AFF9C6 /* Build configuration list for PBXNativeTarget "EndToEndSampleUITests" */;
			buildPhases = (
				438C2AAD261382E300AFF9C6 /* Sources */,
				438C2AAE261382E300AFF9C6 /* Frameworks */,
				438C2AAF261382E300AFF9C6 /* Resources */,
			);
			buildRules = (
			);
			dependencies = (
				438C2AB3261382E300AFF9C6 /* PBXTargetDependency */,
			);
			name = EndToEndSampleUITests;
			productName = EndToEndSampleUITests;
			productReference = 438C2AB1261382E300AFF9C6 /* EndToEndSampleUITests.xctest */;
			productType = "com.apple.product-type.bundle.ui-testing";
		};
/* End PBXNativeTarget section */

/* Begin PBXProject section */
		438C2A8D261382E100AFF9C6 /* Project object */ = {
			isa = PBXProject;
			attributes = {
				LastSwiftUpdateCheck = 1200;
				LastUpgradeCheck = 1200;
				TargetAttributes = {
					438C2A94261382E100AFF9C6 = {
						CreatedOnToolsVersion = 12.0.1;
					};
					438C2AA5261382E300AFF9C6 = {
						CreatedOnToolsVersion = 12.0.1;
						TestTargetID = 438C2A94261382E100AFF9C6;
					};
					438C2AB0261382E300AFF9C6 = {
						CreatedOnToolsVersion = 12.0.1;
						TestTargetID = 438C2A94261382E100AFF9C6;
					};
				};
			};
			buildConfigurationList = 438C2A90261382E100AFF9C6 /* Build configuration list for PBXProject "EndToEndSample" */;
			compatibilityVersion = "Xcode 9.3";
			developmentRegion = en;
			hasScannedForEncodings = 0;
			knownRegions = (
				en,
				Base,
			);
			mainGroup = 438C2A8C261382E100AFF9C6;
			productRefGroup = 438C2A96261382E100AFF9C6 /* Products */;
			projectDirPath = "";
			projectRoot = "";
			targets = (
				438C2A94261382E100AFF9C6 /* EndToEndSample */,
				438C2AA5261382E300AFF9C6 /* EndToEndSampleTests */,
				438C2AB0261382E300AFF9C6 /* EndToEndSampleUITests */,
			);
		};
/* End PBXProject section */

/* Begin PBXResourcesBuildPhase section */
		438C2A93261382E100AFF9C6 /* Resources */ = {
			isa = PBXResourcesBuildPhase;
			buildActionMask = 2147483647;
			files = (
				438C2AA0261382E200AFF9C6 /* Preview Assets.xcassets in Resources */,
				438C2A9D261382E200AFF9C6 /* Assets.xcassets in Resources */,
				438C2AD22613877600AFF9C6 /* awsconfiguration.json in Resources */,
				438C2AD12613877600AFF9C6 /* amplifyconfiguration.json in Resources */,
				B9F635479CF343DCA530E54F /* amplifyconfiguration.json in Resources */,
				53A94CF4EEA94113BEED0788 /* awsconfiguration.json in Resources */,
			);
			runOnlyForDeploymentPostprocessing = 0;
		};
		438C2AA4261382E300AFF9C6 /* Resources */ = {
			isa = PBXResourcesBuildPhase;
			buildActionMask = 2147483647;
			files = (
			);
			runOnlyForDeploymentPostprocessing = 0;
		};
		438C2AAF261382E300AFF9C6 /* Resources */ = {
			isa = PBXResourcesBuildPhase;
			buildActionMask = 2147483647;
			files = (
			);
			runOnlyForDeploymentPostprocessing = 0;
		};
/* End PBXResourcesBuildPhase section */

/* Begin PBXShellScriptBuildPhase section */
		93539FD2142D1EC6956E90BC /* [CP] Check Pods Manifest.lock */ = {
			isa = PBXShellScriptBuildPhase;
			buildActionMask = 2147483647;
			files = (
			);
			inputFileListPaths = (
			);
			inputPaths = (
				"${PODS_PODFILE_DIR_PATH}/Podfile.lock",
				"${PODS_ROOT}/Manifest.lock",
			);
			name = "[CP] Check Pods Manifest.lock";
			outputFileListPaths = (
			);
			outputPaths = (
				"$(DERIVED_FILE_DIR)/Pods-EndToEndSample-checkManifestLockResult.txt",
			);
			runOnlyForDeploymentPostprocessing = 0;
			shellPath = /bin/sh;
			shellScript = "diff \"${PODS_PODFILE_DIR_PATH}/Podfile.lock\" \"${PODS_ROOT}/Manifest.lock\" > /dev/null\nif [ $? != 0 ] ; then\n    # print error to STDERR\n    echo \"error: The sandbox is not in sync with the Podfile.lock. Run 'pod install' or update your CocoaPods installation.\" >&2\n    exit 1\nfi\n# This output is used by Xcode 'outputs' to avoid re-running this script phase.\necho \"SUCCESS\" > \"${SCRIPT_OUTPUT_FILE_0}\"\n";
			showEnvVarsInLog = 0;
		};
		E1AE01D7C5DD368E57210094 /* [CP] Check Pods Manifest.lock */ = {
			isa = PBXShellScriptBuildPhase;
			buildActionMask = 2147483647;
			files = (
			);
			inputFileListPaths = (
			);
			inputPaths = (
				"${PODS_PODFILE_DIR_PATH}/Podfile.lock",
				"${PODS_ROOT}/Manifest.lock",
			);
			name = "[CP] Check Pods Manifest.lock";
			outputFileListPaths = (
			);
			outputPaths = (
				"$(DERIVED_FILE_DIR)/Pods-EndToEndSampleTests-checkManifestLockResult.txt",
			);
			runOnlyForDeploymentPostprocessing = 0;
			shellPath = /bin/sh;
			shellScript = "diff \"${PODS_PODFILE_DIR_PATH}/Podfile.lock\" \"${PODS_ROOT}/Manifest.lock\" > /dev/null\nif [ $? != 0 ] ; then\n    # print error to STDERR\n    echo \"error: The sandbox is not in sync with the Podfile.lock. Run 'pod install' or update your CocoaPods installation.\" >&2\n    exit 1\nfi\n# This output is used by Xcode 'outputs' to avoid re-running this script phase.\necho \"SUCCESS\" > \"${SCRIPT_OUTPUT_FILE_0}\"\n";
			showEnvVarsInLog = 0;
		};
		FF022FB70529171AE592229C /* [CP] Embed Pods Frameworks */ = {
			isa = PBXShellScriptBuildPhase;
			buildActionMask = 2147483647;
			files = (
			);
			inputFileListPaths = (
				"${PODS_ROOT}/Target Support Files/Pods-EndToEndSample/Pods-EndToEndSample-frameworks-${CONFIGURATION}-input-files.xcfilelist",
			);
			name = "[CP] Embed Pods Frameworks";
			outputFileListPaths = (
				"${PODS_ROOT}/Target Support Files/Pods-EndToEndSample/Pods-EndToEndSample-frameworks-${CONFIGURATION}-output-files.xcfilelist",
			);
			runOnlyForDeploymentPostprocessing = 0;
			shellPath = /bin/sh;
			shellScript = "\"${PODS_ROOT}/Target Support Files/Pods-EndToEndSample/Pods-EndToEndSample-frameworks.sh\"\n";
			showEnvVarsInLog = 0;
		};
/* End PBXShellScriptBuildPhase section */

/* Begin PBXSourcesBuildPhase section */
		438C2A91261382E100AFF9C6 /* Sources */ = {
			isa = PBXSourcesBuildPhase;
			buildActionMask = 2147483647;
			files = (
				438C2A9B261382E100AFF9C6 /* ContentView.swift in Sources */,
				438C2A99261382E100AFF9C6 /* EndToEndSampleApp.swift in Sources */,
				24F8B15C3BE844029D746D50 /* AmplifyModels.swift in Sources */,
				1B25D82FA2744739B68D74E5 /* Post.swift in Sources */,
				438C2AE426139D2700AFF9C6 /* AppDelegate.swift in Sources */,
				7A394DAE73D743D298A87C5D /* Post+Schema.swift in Sources */,
				5BEF6C9159B842CE9EEA9FA2 /* PostStatus.swift in Sources */,
				438C2AE92613A19B00AFF9C6 /* DataStoreOperations.swift in Sources */,
			);
			runOnlyForDeploymentPostprocessing = 0;
		};
		438C2AA2261382E300AFF9C6 /* Sources */ = {
			isa = PBXSourcesBuildPhase;
			buildActionMask = 2147483647;
			files = (
				438C2AAB261382E300AFF9C6 /* EndToEndSampleTests.swift in Sources */,
			);
			runOnlyForDeploymentPostprocessing = 0;
		};
		438C2AAD261382E300AFF9C6 /* Sources */ = {
			isa = PBXSourcesBuildPhase;
			buildActionMask = 2147483647;
			files = (
				438C2AB6261382E300AFF9C6 /* EndToEndSampleUITests.swift in Sources */,
			);
			runOnlyForDeploymentPostprocessing = 0;
		};
/* End PBXSourcesBuildPhase section */

/* Begin PBXTargetDependency section */
		438C2AA8261382E300AFF9C6 /* PBXTargetDependency */ = {
			isa = PBXTargetDependency;
			target = 438C2A94261382E100AFF9C6 /* EndToEndSample */;
			targetProxy = 438C2AA7261382E300AFF9C6 /* PBXContainerItemProxy */;
		};
		438C2AB3261382E300AFF9C6 /* PBXTargetDependency */ = {
			isa = PBXTargetDependency;
			target = 438C2A94261382E100AFF9C6 /* EndToEndSample */;
			targetProxy = 438C2AB2261382E300AFF9C6 /* PBXContainerItemProxy */;
		};
/* End PBXTargetDependency section */

/* Begin XCBuildConfiguration section */
		438C2AB8261382E300AFF9C6 /* Debug */ = {
			isa = XCBuildConfiguration;
			buildSettings = {
				ALWAYS_SEARCH_USER_PATHS = NO;
				CLANG_ANALYZER_NONNULL = YES;
				CLANG_ANALYZER_NUMBER_OBJECT_CONVERSION = YES_AGGRESSIVE;
				CLANG_CXX_LANGUAGE_STANDARD = "gnu++14";
				CLANG_CXX_LIBRARY = "libc++";
				CLANG_ENABLE_MODULES = YES;
				CLANG_ENABLE_OBJC_ARC = YES;
				CLANG_ENABLE_OBJC_WEAK = YES;
				CLANG_WARN_BLOCK_CAPTURE_AUTORELEASING = YES;
				CLANG_WARN_BOOL_CONVERSION = YES;
				CLANG_WARN_COMMA = YES;
				CLANG_WARN_CONSTANT_CONVERSION = YES;
				CLANG_WARN_DEPRECATED_OBJC_IMPLEMENTATIONS = YES;
				CLANG_WARN_DIRECT_OBJC_ISA_USAGE = YES_ERROR;
				CLANG_WARN_DOCUMENTATION_COMMENTS = YES;
				CLANG_WARN_EMPTY_BODY = YES;
				CLANG_WARN_ENUM_CONVERSION = YES;
				CLANG_WARN_INFINITE_RECURSION = YES;
				CLANG_WARN_INT_CONVERSION = YES;
				CLANG_WARN_NON_LITERAL_NULL_CONVERSION = YES;
				CLANG_WARN_OBJC_IMPLICIT_RETAIN_SELF = YES;
				CLANG_WARN_OBJC_LITERAL_CONVERSION = YES;
				CLANG_WARN_OBJC_ROOT_CLASS = YES_ERROR;
				CLANG_WARN_QUOTED_INCLUDE_IN_FRAMEWORK_HEADER = YES;
				CLANG_WARN_RANGE_LOOP_ANALYSIS = YES;
				CLANG_WARN_STRICT_PROTOTYPES = YES;
				CLANG_WARN_SUSPICIOUS_MOVE = YES;
				CLANG_WARN_UNGUARDED_AVAILABILITY = YES_AGGRESSIVE;
				CLANG_WARN_UNREACHABLE_CODE = YES;
				CLANG_WARN__DUPLICATE_METHOD_MATCH = YES;
				COPY_PHASE_STRIP = NO;
				DEBUG_INFORMATION_FORMAT = dwarf;
				ENABLE_STRICT_OBJC_MSGSEND = YES;
				ENABLE_TESTABILITY = YES;
				GCC_C_LANGUAGE_STANDARD = gnu11;
				GCC_DYNAMIC_NO_PIC = NO;
				GCC_NO_COMMON_BLOCKS = YES;
				GCC_OPTIMIZATION_LEVEL = 0;
				GCC_PREPROCESSOR_DEFINITIONS = (
					"DEBUG=1",
					"$(inherited)",
				);
				GCC_WARN_64_TO_32_BIT_CONVERSION = YES;
				GCC_WARN_ABOUT_RETURN_TYPE = YES_ERROR;
				GCC_WARN_UNDECLARED_SELECTOR = YES;
				GCC_WARN_UNINITIALIZED_AUTOS = YES_AGGRESSIVE;
				GCC_WARN_UNUSED_FUNCTION = YES;
				GCC_WARN_UNUSED_VARIABLE = YES;
				IPHONEOS_DEPLOYMENT_TARGET = 14.0;
				MTL_ENABLE_DEBUG_INFO = INCLUDE_SOURCE;
				MTL_FAST_MATH = YES;
				ONLY_ACTIVE_ARCH = YES;
				SDKROOT = iphoneos;
				SWIFT_ACTIVE_COMPILATION_CONDITIONS = DEBUG;
				SWIFT_OPTIMIZATION_LEVEL = "-Onone";
			};
			name = Debug;
		};
		438C2AB9261382E300AFF9C6 /* Release */ = {
			isa = XCBuildConfiguration;
			buildSettings = {
				ALWAYS_SEARCH_USER_PATHS = NO;
				CLANG_ANALYZER_NONNULL = YES;
				CLANG_ANALYZER_NUMBER_OBJECT_CONVERSION = YES_AGGRESSIVE;
				CLANG_CXX_LANGUAGE_STANDARD = "gnu++14";
				CLANG_CXX_LIBRARY = "libc++";
				CLANG_ENABLE_MODULES = YES;
				CLANG_ENABLE_OBJC_ARC = YES;
				CLANG_ENABLE_OBJC_WEAK = YES;
				CLANG_WARN_BLOCK_CAPTURE_AUTORELEASING = YES;
				CLANG_WARN_BOOL_CONVERSION = YES;
				CLANG_WARN_COMMA = YES;
				CLANG_WARN_CONSTANT_CONVERSION = YES;
				CLANG_WARN_DEPRECATED_OBJC_IMPLEMENTATIONS = YES;
				CLANG_WARN_DIRECT_OBJC_ISA_USAGE = YES_ERROR;
				CLANG_WARN_DOCUMENTATION_COMMENTS = YES;
				CLANG_WARN_EMPTY_BODY = YES;
				CLANG_WARN_ENUM_CONVERSION = YES;
				CLANG_WARN_INFINITE_RECURSION = YES;
				CLANG_WARN_INT_CONVERSION = YES;
				CLANG_WARN_NON_LITERAL_NULL_CONVERSION = YES;
				CLANG_WARN_OBJC_IMPLICIT_RETAIN_SELF = YES;
				CLANG_WARN_OBJC_LITERAL_CONVERSION = YES;
				CLANG_WARN_OBJC_ROOT_CLASS = YES_ERROR;
				CLANG_WARN_QUOTED_INCLUDE_IN_FRAMEWORK_HEADER = YES;
				CLANG_WARN_RANGE_LOOP_ANALYSIS = YES;
				CLANG_WARN_STRICT_PROTOTYPES = YES;
				CLANG_WARN_SUSPICIOUS_MOVE = YES;
				CLANG_WARN_UNGUARDED_AVAILABILITY = YES_AGGRESSIVE;
				CLANG_WARN_UNREACHABLE_CODE = YES;
				CLANG_WARN__DUPLICATE_METHOD_MATCH = YES;
				COPY_PHASE_STRIP = NO;
				DEBUG_INFORMATION_FORMAT = "dwarf-with-dsym";
				ENABLE_NS_ASSERTIONS = NO;
				ENABLE_STRICT_OBJC_MSGSEND = YES;
				GCC_C_LANGUAGE_STANDARD = gnu11;
				GCC_NO_COMMON_BLOCKS = YES;
				GCC_WARN_64_TO_32_BIT_CONVERSION = YES;
				GCC_WARN_ABOUT_RETURN_TYPE = YES_ERROR;
				GCC_WARN_UNDECLARED_SELECTOR = YES;
				GCC_WARN_UNINITIALIZED_AUTOS = YES_AGGRESSIVE;
				GCC_WARN_UNUSED_FUNCTION = YES;
				GCC_WARN_UNUSED_VARIABLE = YES;
				IPHONEOS_DEPLOYMENT_TARGET = 14.0;
				MTL_ENABLE_DEBUG_INFO = NO;
				MTL_FAST_MATH = YES;
				SDKROOT = iphoneos;
				SWIFT_COMPILATION_MODE = wholemodule;
				SWIFT_OPTIMIZATION_LEVEL = "-O";
				VALIDATE_PRODUCT = YES;
			};
			name = Release;
		};
		438C2ABB261382E300AFF9C6 /* Debug */ = {
			isa = XCBuildConfiguration;
			baseConfigurationReference = 26ABEB13983B3D45A9B8551D /* Pods-EndToEndSample.debug.xcconfig */;
			buildSettings = {
				ASSETCATALOG_COMPILER_APPICON_NAME = AppIcon;
				ASSETCATALOG_COMPILER_GLOBAL_ACCENT_COLOR_NAME = AccentColor;
				CODE_SIGN_STYLE = Automatic;
				DEVELOPMENT_ASSET_PATHS = "\"EndToEndSample/Preview Content\"";
				DEVELOPMENT_TEAM = W3DRXD72QU;
				ENABLE_PREVIEWS = YES;
				INFOPLIST_FILE = EndToEndSample/Info.plist;
				IPHONEOS_DEPLOYMENT_TARGET = 14.0;
				LD_RUNPATH_SEARCH_PATHS = (
					"$(inherited)",
					"@executable_path/Frameworks",
				);
				PRODUCT_BUNDLE_IDENTIFIER = com.amazonaws.EndToEndSample;
				PRODUCT_NAME = "$(TARGET_NAME)";
				SWIFT_VERSION = 5.0;
				TARGETED_DEVICE_FAMILY = "1,2";
			};
			name = Debug;
		};
		438C2ABC261382E300AFF9C6 /* Release */ = {
			isa = XCBuildConfiguration;
			baseConfigurationReference = 462B2F3CAF61990A62982752 /* Pods-EndToEndSample.release.xcconfig */;
			buildSettings = {
				ASSETCATALOG_COMPILER_APPICON_NAME = AppIcon;
				ASSETCATALOG_COMPILER_GLOBAL_ACCENT_COLOR_NAME = AccentColor;
				CODE_SIGN_STYLE = Automatic;
				DEVELOPMENT_ASSET_PATHS = "\"EndToEndSample/Preview Content\"";
				DEVELOPMENT_TEAM = W3DRXD72QU;
				ENABLE_PREVIEWS = YES;
				INFOPLIST_FILE = EndToEndSample/Info.plist;
				IPHONEOS_DEPLOYMENT_TARGET = 14.0;
				LD_RUNPATH_SEARCH_PATHS = (
					"$(inherited)",
					"@executable_path/Frameworks",
				);
				PRODUCT_BUNDLE_IDENTIFIER = com.amazonaws.EndToEndSample;
				PRODUCT_NAME = "$(TARGET_NAME)";
				SWIFT_VERSION = 5.0;
				TARGETED_DEVICE_FAMILY = "1,2";
			};
			name = Release;
		};
		438C2ABE261382E300AFF9C6 /* Debug */ = {
			isa = XCBuildConfiguration;
			baseConfigurationReference = 89C747A81428208D9047D930 /* Pods-EndToEndSampleTests.debug.xcconfig */;
			buildSettings = {
				ALWAYS_EMBED_SWIFT_STANDARD_LIBRARIES = YES;
				BUNDLE_LOADER = "$(TEST_HOST)";
				CODE_SIGN_STYLE = Automatic;
				DEVELOPMENT_TEAM = W3DRXD72QU;
				INFOPLIST_FILE = EndToEndSampleTests/Info.plist;
				IPHONEOS_DEPLOYMENT_TARGET = 14.0;
				LD_RUNPATH_SEARCH_PATHS = (
					"$(inherited)",
					"@executable_path/Frameworks",
					"@loader_path/Frameworks",
				);
				PRODUCT_BUNDLE_IDENTIFIER = com.amazonaws.EndToEndSampleTests;
				PRODUCT_NAME = "$(TARGET_NAME)";
				SWIFT_VERSION = 5.0;
				TARGETED_DEVICE_FAMILY = "1,2";
				TEST_HOST = "$(BUILT_PRODUCTS_DIR)/EndToEndSample.app/EndToEndSample";
			};
			name = Debug;
		};
		438C2ABF261382E300AFF9C6 /* Release */ = {
			isa = XCBuildConfiguration;
			baseConfigurationReference = 954C2CB451A10DA327BA56EC /* Pods-EndToEndSampleTests.release.xcconfig */;
			buildSettings = {
				ALWAYS_EMBED_SWIFT_STANDARD_LIBRARIES = YES;
				BUNDLE_LOADER = "$(TEST_HOST)";
				CODE_SIGN_STYLE = Automatic;
				DEVELOPMENT_TEAM = W3DRXD72QU;
				INFOPLIST_FILE = EndToEndSampleTests/Info.plist;
				IPHONEOS_DEPLOYMENT_TARGET = 14.0;
				LD_RUNPATH_SEARCH_PATHS = (
					"$(inherited)",
					"@executable_path/Frameworks",
					"@loader_path/Frameworks",
				);
				PRODUCT_BUNDLE_IDENTIFIER = com.amazonaws.EndToEndSampleTests;
				PRODUCT_NAME = "$(TARGET_NAME)";
				SWIFT_VERSION = 5.0;
				TARGETED_DEVICE_FAMILY = "1,2";
				TEST_HOST = "$(BUILT_PRODUCTS_DIR)/EndToEndSample.app/EndToEndSample";
			};
			name = Release;
		};
		438C2AC1261382E300AFF9C6 /* Debug */ = {
			isa = XCBuildConfiguration;
			buildSettings = {
				ALWAYS_EMBED_SWIFT_STANDARD_LIBRARIES = YES;
				CODE_SIGN_STYLE = Automatic;
				DEVELOPMENT_TEAM = W3DRXD72QU;
				INFOPLIST_FILE = EndToEndSampleUITests/Info.plist;
				LD_RUNPATH_SEARCH_PATHS = (
					"$(inherited)",
					"@executable_path/Frameworks",
					"@loader_path/Frameworks",
				);
				PRODUCT_BUNDLE_IDENTIFIER = com.amazonaws.EndToEndSampleUITests;
				PRODUCT_NAME = "$(TARGET_NAME)";
				SWIFT_VERSION = 5.0;
				TARGETED_DEVICE_FAMILY = "1,2";
				TEST_TARGET_NAME = EndToEndSample;
			};
			name = Debug;
		};
		438C2AC2261382E300AFF9C6 /* Release */ = {
			isa = XCBuildConfiguration;
			buildSettings = {
				ALWAYS_EMBED_SWIFT_STANDARD_LIBRARIES = YES;
				CODE_SIGN_STYLE = Automatic;
				DEVELOPMENT_TEAM = W3DRXD72QU;
				INFOPLIST_FILE = EndToEndSampleUITests/Info.plist;
				LD_RUNPATH_SEARCH_PATHS = (
					"$(inherited)",
					"@executable_path/Frameworks",
					"@loader_path/Frameworks",
				);
				PRODUCT_BUNDLE_IDENTIFIER = com.amazonaws.EndToEndSampleUITests;
				PRODUCT_NAME = "$(TARGET_NAME)";
				SWIFT_VERSION = 5.0;
				TARGETED_DEVICE_FAMILY = "1,2";
				TEST_TARGET_NAME = EndToEndSample;
			};
			name = Release;
		};
/* End XCBuildConfiguration section */

/* Begin XCConfigurationList section */
		438C2A90261382E100AFF9C6 /* Build configuration list for PBXProject "EndToEndSample" */ = {
			isa = XCConfigurationList;
			buildConfigurations = (
				438C2AB8261382E300AFF9C6 /* Debug */,
				438C2AB9261382E300AFF9C6 /* Release */,
			);
			defaultConfigurationIsVisible = 0;
			defaultConfigurationName = Release;
		};
		438C2ABA261382E300AFF9C6 /* Build configuration list for PBXNativeTarget "EndToEndSample" */ = {
			isa = XCConfigurationList;
			buildConfigurations = (
				438C2ABB261382E300AFF9C6 /* Debug */,
				438C2ABC261382E300AFF9C6 /* Release */,
			);
			defaultConfigurationIsVisible = 0;
			defaultConfigurationName = Release;
		};
		438C2ABD261382E300AFF9C6 /* Build configuration list for PBXNativeTarget "EndToEndSampleTests" */ = {
			isa = XCConfigurationList;
			buildConfigurations = (
				438C2ABE261382E300AFF9C6 /* Debug */,
				438C2ABF261382E300AFF9C6 /* Release */,
			);
			defaultConfigurationIsVisible = 0;
			defaultConfigurationName = Release;
		};
		438C2AC0261382E300AFF9C6 /* Build configuration list for PBXNativeTarget "EndToEndSampleUITests" */ = {
			isa = XCConfigurationList;
			buildConfigurations = (
				438C2AC1261382E300AFF9C6 /* Debug */,
				438C2AC2261382E300AFF9C6 /* Release */,
			);
			defaultConfigurationIsVisible = 0;
			defaultConfigurationName = Release;
		};
/* End XCConfigurationList section */
	};
	rootObject = 438C2A8D261382E100AFF9C6 /* Project object */;
}
